
Microsoft Visual Studio Solution File, Format Version 12.00
# Visual Studio 2013
VisualStudioVersion = 12.0.31101.0
MinimumVisualStudioVersion = 10.0.40219.1
Project("{FAE04EC0-301F-11D3-BF4B-00C04F79EFBC}") = "04.HelloCSharp", "04.HelloCSharp\04.HelloCSharp.csproj", "{26464B4C-695C-4046-BBF3-4D0DE6AEA046}"
EndProject
Project("{FAE04EC0-301F-11D3-BF4B-00C04F79EFBC}") = "05.PrintYourName", "05.PrintYourName\05.PrintYourName.csproj", "{41942934-EA59-40B8-91F0-E0350FC49EE4}"
EndProject
Project("{FAE04EC0-301F-11D3-BF4B-00C04F79EFBC}") = "06.PrintNumbers", "06.PrintNumbers\06.PrintNumbers.csproj", "{BBB0E91C-86C1-47EE-A19A-0DB94A37B66D}"
EndProject
Project("{FAE04EC0-301F-11D3-BF4B-00C04F79EFBC}") = "07.PrintFirstAndLastName", "07.PrintFirstAndLastName\07.PrintFirstAndLastName.csproj", "{F9BEE561-CDD2-4EB2-BBAD-55E1E2E845FC}"
EndProject
Project("{FAE04EC0-301F-11D3-BF4B-00C04F79EFBC}") = "08.SquareRoot", "08.SquareRoot\08.SquareRoot.csproj", "{A5DE7E8A-BBDC-4B81-A58E-8F684E591194}"
EndProject
Project("{FAE04EC0-301F-11D3-BF4B-00C04F79EFBC}") = "09.PrintASequence", "09.PrintASequence\09.PrintASequence.csproj", "{76EEA4FF-9004-4785-8746-58EF9CD614D9}"
EndProject
Project("{FAE04EC0-301F-11D3-BF4B-00C04F79EFBC}") = "10.ReformatCode", "10.ReformatCode\10.ReformatCode.csproj", "{DDC6C399-6BD7-4AAF-B4A6-66309793973E}"
EndProject
Project("{FAE04EC0-301F-11D3-BF4B-00C04F79EFBC}") = "14.CurrentDateAndTime", "14.CurrentDateAndTime\14.CurrentDateAndTime.csproj", "{F9188F2C-5FED-460F-A7E1-48EAA6E7DEBF}"
EndProject
Project("{FAE04EC0-301F-11D3-BF4B-00C04F79EFBC}") = "15.AgeAfterTenYears", "15.AgeAfterTenYears\15.AgeAfterTenYears.csproj", "{BAB90696-B741-4438-983A-92F28F7B28CC}"
EndProject
Project("{FAE04EC0-301F-11D3-BF4B-00C04F79EFBC}") = "16.PrintLongSequence", "16.PrintLongSequence\16.PrintLongSequence.csproj", "{CAACB51C-BE3E-4B28-A26D-A7FB0F90EC15}"
EndProject
Global
	GlobalSection(SolutionConfigurationPlatforms) = preSolution
		Debug|Any CPU = Debug|Any CPU
		Release|Any CPU = Release|Any CPU
	EndGlobalSection
	GlobalSection(ProjectConfigurationPlatforms) = postSolution
		{26464B4C-695C-4046-BBF3-4D0DE6AEA046}.Debug|Any CPU.ActiveCfg = Debug|Any CPU
		{26464B4C-695C-4046-BBF3-4D0DE6AEA046}.Debug|Any CPU.Build.0 = Debug|Any CPU
		{26464B4C-695C-4046-BBF3-4D0DE6AEA046}.Release|Any CPU.ActiveCfg = Release|Any CPU
		{26464B4C-695C-4046-BBF3-4D0DE6AEA046}.Release|Any CPU.Build.0 = Release|Any CPU
		{41942934-EA59-40B8-91F0-E0350FC49EE4}.Debug|Any CPU.ActiveCfg = Debug|Any CPU
		{41942934-EA59-40B8-91F0-E0350FC49EE4}.Debug|Any CPU.Build.0 = Debug|Any CPU
		{41942934-EA59-40B8-91F0-E0350FC49EE4}.Release|Any CPU.ActiveCfg = Release|Any CPU
		{41942934-EA59-40B8-91F0-E0350FC49EE4}.Release|Any CPU.Build.0 = Release|Any CPU
		{BBB0E91C-86C1-47EE-A19A-0DB94A37B66D}.Debug|Any CPU.ActiveCfg = Debug|Any CPU
		{BBB0E91C-86C1-47EE-A19A-0DB94A37B66D}.Debug|Any CPU.Build.0 = Debug|Any CPU
		{BBB0E91C-86C1-47EE-A19A-0DB94A37B66D}.Release|Any CPU.ActiveCfg = Release|Any CPU
		{BBB0E91C-86C1-47EE-A19A-0DB94A37B66D}.Release|Any CPU.Build.0 = Release|Any CPU
		{F9BEE561-CDD2-4EB2-BBAD-55E1E2E845FC}.Debug|Any CPU.ActiveCfg = Debug|Any CPU
		{F9BEE561-CDD2-4EB2-BBAD-55E1E2E845FC}.Debug|Any CPU.Build.0 = Debug|Any CPU
		{F9BEE561-CDD2-4EB2-BBAD-55E1E2E845FC}.Release|Any CPU.ActiveCfg = Release|Any CPU
		{F9BEE561-CDD2-4EB2-BBAD-55E1E2E845FC}.Release|Any CPU.Build.0 = Release|Any CPU
		{A5DE7E8A-BBDC-4B81-A58E-8F684E591194}.Debug|Any CPU.ActiveCfg = Debug|Any CPU
		{A5DE7E8A-BBDC-4B81-A58E-8F684E591194}.Debug|Any CPU.Build.0 = Debug|Any CPU
		{A5DE7E8A-BBDC-4B81-A58E-8F684E591194}.Release|Any CPU.ActiveCfg = Release|Any CPU
		{A5DE7E8A-BBDC-4B81-A58E-8F684E591194}.Release|Any CPU.Build.0 = Release|Any CPU
		{76EEA4FF-9004-4785-8746-58EF9CD614D9}.Debug|Any CPU.ActiveCfg = Debug|Any CPU
		{76EEA4FF-9004-4785-8746-58EF9CD614D9}.Debug|Any CPU.Build.0 = Debug|Any CPU
		{76EEA4FF-9004-4785-8746-58EF9CD614D9}.Release|Any CPU.ActiveCfg = Release|Any CPU
		{76EEA4FF-9004-4785-8746-58EF9CD614D9}.Release|Any CPU.Build.0 = Release|Any CPU
		{DDC6C399-6BD7-4AAF-B4A6-66309793973E}.Debug|Any CPU.ActiveCfg = Debug|Any CPU
		{DDC6C399-6BD7-4AAF-B4A6-66309793973E}.Debug|Any CPU.Build.0 = Debug|Any CPU
		{DDC6C399-6BD7-4AAF-B4A6-66309793973E}.Release|Any CPU.ActiveCfg = Release|Any CPU
		{DDC6C399-6BD7-4AAF-B4A6-66309793973E}.Release|Any CPU.Build.0 = Release|Any CPU
		{F9188F2C-5FED-460F-A7E1-48EAA6E7DEBF}.Debug|Any CPU.ActiveCfg = Debug|Any CPU
		{F9188F2C-5FED-460F-A7E1-48EAA6E7DEBF}.Debug|Any CPU.Build.0 = Debug|Any CPU
		{F9188F2C-5FED-460F-A7E1-48EAA6E7DEBF}.Release|Any CPU.ActiveCfg = Release|Any CPU
		{F9188F2C-5FED-460F-A7E1-48EAA6E7DEBF}.Release|Any CPU.Build.0 = Release|Any CPU
		{BAB90696-B741-4438-983A-92F28F7B28CC}.Debug|Any CPU.ActiveCfg = Debug|Any CPU
		{BAB90696-B741-4438-983A-92F28F7B28CC}.Debug|Any CPU.Build.0 = Debug|Any CPU
		{BAB90696-B741-4438-983A-92F28F7B28CC}.Release|Any CPU.ActiveCfg = Release|Any CPU
		{BAB90696-B741-4438-983A-92F28F7B28CC}.Release|Any CPU.Build.0 = Release|Any CPU
		{CAACB51C-BE3E-4B28-A26D-A7FB0F90EC15}.Debug|Any CPU.ActiveCfg = Debug|Any CPU
		{CAACB51C-BE3E-4B28-A26D-A7FB0F90EC15}.Debug|Any CPU.Build.0 = Debug|Any CPU
		{CAACB51C-BE3E-4B28-A26D-A7FB0F90EC15}.Release|Any CPU.ActiveCfg = Release|Any CPU
		{CAACB51C-BE3E-4B28-A26D-A7FB0F90EC15}.Release|Any CPU.Build.0 = Release|Any CPU
	EndGlobalSection
	GlobalSection(SolutionProperties) = preSolution
		HideSolutionNode = FALSE
	EndGlobalSection
EndGlobal
