
Microsoft Visual Studio Solution File, Format Version 12.00
# Visual Studio 14
VisualStudioVersion = 14.0.23107.0
MinimumVisualStudioVersion = 10.0.40219.1
Project("{FAE04EC0-301F-11D3-BF4B-00C04F79EFBC}") = "01. Students", "01. Students\01. Students.csproj", "{C93D2255-9FDC-4EC7-9415-97E1AB95940E}"
EndProject
Project("{FAE04EC0-301F-11D3-BF4B-00C04F79EFBC}") = "02.  TradeCompany", "02.  TradeCompany\02.  TradeCompany.csproj", "{F5D99502-3139-42A3-A1A5-9B32BDC35B4F}"
EndProject
Project("{FAE04EC0-301F-11D3-BF4B-00C04F79EFBC}") = "03. BiDictionary", "03. BiDictionary\03. BiDictionary.csproj", "{2809C249-BD0E-44BE-8E84-A728E8443486}"
EndProject
Global
	GlobalSection(SolutionConfigurationPlatforms) = preSolution
		Debug|Any CPU = Debug|Any CPU
		Release|Any CPU = Release|Any CPU
	EndGlobalSection
	GlobalSection(ProjectConfigurationPlatforms) = postSolution
		{C93D2255-9FDC-4EC7-9415-97E1AB95940E}.Debug|Any CPU.ActiveCfg = Debug|Any CPU
		{C93D2255-9FDC-4EC7-9415-97E1AB95940E}.Debug|Any CPU.Build.0 = Debug|Any CPU
		{C93D2255-9FDC-4EC7-9415-97E1AB95940E}.Release|Any CPU.ActiveCfg = Release|Any CPU
		{C93D2255-9FDC-4EC7-9415-97E1AB95940E}.Release|Any CPU.Build.0 = Release|Any CPU
		{F5D99502-3139-42A3-A1A5-9B32BDC35B4F}.Debug|Any CPU.ActiveCfg = Debug|Any CPU
		{F5D99502-3139-42A3-A1A5-9B32BDC35B4F}.Debug|Any CPU.Build.0 = Debug|Any CPU
		{F5D99502-3139-42A3-A1A5-9B32BDC35B4F}.Release|Any CPU.ActiveCfg = Release|Any CPU
		{F5D99502-3139-42A3-A1A5-9B32BDC35B4F}.Release|Any CPU.Build.0 = Release|Any CPU
		{2809C249-BD0E-44BE-8E84-A728E8443486}.Debug|Any CPU.ActiveCfg = Debug|Any CPU
		{2809C249-BD0E-44BE-8E84-A728E8443486}.Debug|Any CPU.Build.0 = Debug|Any CPU
		{2809C249-BD0E-44BE-8E84-A728E8443486}.Release|Any CPU.ActiveCfg = Release|Any CPU
		{2809C249-BD0E-44BE-8E84-A728E8443486}.Release|Any CPU.Build.0 = Release|Any CPU
	EndGlobalSection
	GlobalSection(SolutionProperties) = preSolution
		HideSolutionNode = FALSE
	EndGlobalSection
EndGlobal
