
Microsoft Visual Studio Solution File, Format Version 12.00
# Visual Studio 14
VisualStudioVersion = 14.0.23107.0
MinimumVisualStudioVersion = 10.0.40219.1
Project("{FAE04EC0-301F-11D3-BF4B-00C04F79EFBC}") = "SortingAlgorithms", "SortingAlgorithms\SortingAlgorithms.csproj", "{5B045D49-41D2-4DFA-8FC7-BA6672440C2A}"
EndProject
Project("{FAE04EC0-301F-11D3-BF4B-00C04F79EFBC}") = "SortingAlgorithms.Tests", "SortingAlgorithms.Tests\SortingAlgorithms.Tests.csproj", "{C140DE54-D590-4D4F-B7F2-984A6913B397}"
EndProject
Global
	GlobalSection(SolutionConfigurationPlatforms) = preSolution
		Debug|Any CPU = Debug|Any CPU
		Release|Any CPU = Release|Any CPU
	EndGlobalSection
	GlobalSection(ProjectConfigurationPlatforms) = postSolution
		{5B045D49-41D2-4DFA-8FC7-BA6672440C2A}.Debug|Any CPU.ActiveCfg = Debug|Any CPU
		{5B045D49-41D2-4DFA-8FC7-BA6672440C2A}.Debug|Any CPU.Build.0 = Debug|Any CPU
		{5B045D49-41D2-4DFA-8FC7-BA6672440C2A}.Release|Any CPU.ActiveCfg = Release|Any CPU
		{5B045D49-41D2-4DFA-8FC7-BA6672440C2A}.Release|Any CPU.Build.0 = Release|Any CPU
		{C140DE54-D590-4D4F-B7F2-984A6913B397}.Debug|Any CPU.ActiveCfg = Debug|Any CPU
		{C140DE54-D590-4D4F-B7F2-984A6913B397}.Debug|Any CPU.Build.0 = Debug|Any CPU
		{C140DE54-D590-4D4F-B7F2-984A6913B397}.Release|Any CPU.ActiveCfg = Release|Any CPU
		{C140DE54-D590-4D4F-B7F2-984A6913B397}.Release|Any CPU.Build.0 = Release|Any CPU
	EndGlobalSection
	GlobalSection(SolutionProperties) = preSolution
		HideSolutionNode = FALSE
	EndGlobalSection
EndGlobal
